{
  "object": {
    "pins": [
      {
        "package": "SwiftPM",
        "repositoryURL": "https://github.com/apple/swift-package-manager.git",
        "state": {
          "branch": null,
          "revision": "6983434787dec4e543e9d398a0a9acf63ccd4da1",
          "version": "0.2.1"
        }
      },
      {
        "package": "SwiftShell",
        "repositoryURL": "https://github.com/kareman/SwiftShell",
        "state": {
          "branch": null,
          "revision": "02c8ae6a5d829d28aaa9683129fc71f899beca3a",
          "version": "4.1.1"
        }
      }
    ]
  },
  "version": 1
}
