{
  "object": {
    "pins": [
      {
        "package": "Nimble",
        "repositoryURL": "https://github.com/Quick/Nimble",
        "state": {
          "branch": null,
          "revision": "cd6dfb86f496fcd96ce0bc6da962cd936bf41903",
          "version": "7.3.1"
        }
      },
      {
        "package": "SwiftPM",
        "repositoryURL": "https://github.com/apple/swift-package-manager",
        "state": {
          "branch": null,
          "revision": "235aacc514cb81a6881364b0fedcb3dd083228f3",
          "version": "0.3.0"
        }
      },
      {
        "package": "SwiftShell",
        "repositoryURL": "https://github.com/kareman/SwiftShell",
        "state": {
          "branch": "master",
          "revision": "beebe43c986d89ea5359ac3adcb42dac94e5e08a",
          "version": null
        }
      }
    ]
  },
  "version": 1
}
