{
  "object": {
    "pins": [
      {
        "package": "AEXML",
        "repositoryURL": "https://github.com/tadija/AEXML",
        "state": {
          "branch": null,
          "revision": "54bb8ea6fb693dd3f92a89e5fcc19e199fdeedd0",
          "version": "4.3.3"
        }
      },
      {
        "package": "Files",
        "repositoryURL": "https://github.com/JohnSundell/Files",
        "state": {
          "branch": "master",
          "revision": "06f95bd1bf4f8d5f50bc6bb30b808c253acd4c88",
          "version": null
        }
      },
      {
        "package": "SwiftPM",
        "repositoryURL": "https://github.com/drekka/swift-package-manager",
        "state": {
          "branch": "feature/sub-command-help-usage",
          "revision": "4dcf52656c1df5d47f9761e820a75d0007844341",
          "version": null
        }
      },
      {
        "package": "SwiftShell",
        "repositoryURL": "https://github.com/kareman/SwiftShell",
        "state": {
          "branch": "master",
          "revision": "32e5d5a159d9242fa3af10228f793e0c196419a9",
          "version": null
        }
      },
      {
        "package": "xcodeproj",
        "repositoryURL": "https://github.com/tuist/xcodeproj",
        "state": {
          "branch": "master",
          "revision": "1e3de50ca7aa79b1d1a7c52ad65fc8943fe808b9",
          "version": null
        }
      }
    ]
  },
  "version": 1
}
